
Microsoft Visual Studio Solution File, Format Version 12.00
# Visual Studio Version 17
VisualStudioVersion = 17.11.35327.3
MinimumVisualStudioVersion = 10.0.40219.1
Project("{FAE04EC0-301F-11D3-BF4B-00C04F79EFBC}") = "Baskara", "Baskara.csproj", "{BB3113B3-4E6E-4DD0-95A8-E39513B74EA5}"
EndProject
Global
	GlobalSection(SolutionConfigurationPlatforms) = preSolution
		Debug|Any CPU = Debug|Any CPU
		Release|Any CPU = Release|Any CPU
	EndGlobalSection
	GlobalSection(ProjectConfigurationPlatforms) = postSolution
		{BB3113B3-4E6E-4DD0-95A8-E39513B74EA5}.Debug|Any CPU.ActiveCfg = Debug|Any CPU
		{BB3113B3-4E6E-4DD0-95A8-E39513B74EA5}.Debug|Any CPU.Build.0 = Debug|Any CPU
		{BB3113B3-4E6E-4DD0-95A8-E39513B74EA5}.Release|Any CPU.ActiveCfg = Release|Any CPU
		{BB3113B3-4E6E-4DD0-95A8-E39513B74EA5}.Release|Any CPU.Build.0 = Release|Any CPU
	EndGlobalSection
	GlobalSection(SolutionProperties) = preSolution
		HideSolutionNode = FALSE
	EndGlobalSection
	GlobalSection(ExtensibilityGlobals) = postSolution
		SolutionGuid = {FD17475C-CE3B-4937-BDF4-DC25CEA5C257}
	EndGlobalSection
EndGlobal
